// !$*UTF8*$!
{
	archiveVersion = 1;
	classes = {
	};
	objectVersion = 56;
	objects = {

/* Begin PBXBuildFile section */
		87B8A7BA2B9C37AA00818314 /* ClimbTracker Watch App.app in Embed Watch Content */ = {isa = PBXBuildFile; fileRef = 87B8A7B92B9C37AA00818314 /* ClimbTracker Watch App.app */; settings = {ATTRIBUTES = (RemoveHeadersOnCopy, ); }; };
		87B8A7BF2B9C37AA00818314 /* ClimbTrackerApp.swift in Sources */ = {isa = PBXBuildFile; fileRef = 87B8A7BE2B9C37AA00818314 /* ClimbTrackerApp.swift */; };
		87B8A7C12B9C37AA00818314 /* ContentView.swift in Sources */ = {isa = PBXBuildFile; fileRef = 87B8A7C02B9C37AA00818314 /* ContentView.swift */; };
		87B8A7C32B9C37AB00818314 /* Assets.xcassets in Resources */ = {isa = PBXBuildFile; fileRef = 87B8A7C22B9C37AB00818314 /* Assets.xcassets */; };
		87B8A7C62B9C37AB00818314 /* Preview Assets.xcassets in Resources */ = {isa = PBXBuildFile; fileRef = 87B8A7C52B9C37AB00818314 /* Preview Assets.xcassets */; };
		87B8A7CE2B9C37B800818314 /* ExtensionDelegate.swift in Sources */ = {isa = PBXBuildFile; fileRef = 8798A6682B9BBAEC00F637D3 /* ExtensionDelegate.swift */; };
		87B8A7CF2B9C37B800818314 /* ClimbTrackerApp.swift in Sources */ = {isa = PBXBuildFile; fileRef = 870E709E2B8B894F007342A2 /* ClimbTrackerApp.swift */; };
		87B8A7D02B9C37B800818314 /* ContentView.swift in Sources */ = {isa = PBXBuildFile; fileRef = 8798A66A2B9BBED000F637D3 /* ContentView.swift */; };
		87B8A7D12B9C37B800818314 /* HealthKitManager.swift in Sources */ = {isa = PBXBuildFile; fileRef = 870E70B12B8B8960007342A2 /* HealthKitManager.swift */; };
		87B8A7D22B9C37B800818314 /* ComplicationController.swift in Sources */ = {isa = PBXBuildFile; fileRef = 870E70B22B8B8960007342A2 /* ComplicationController.swift */; };
		87B8A7DC2B9DBCA600818314 /* WidgetKit.framework in Frameworks */ = {isa = PBXBuildFile; fileRef = 87B8A7DB2B9DBCA600818314 /* WidgetKit.framework */; };
		87B8A7DE2B9DBCA600818314 /* SwiftUI.framework in Frameworks */ = {isa = PBXBuildFile; fileRef = 87B8A7DD2B9DBCA600818314 /* SwiftUI.framework */; };
		87B8A7E12B9DBCA600818314 /* multiWidget.swift in Sources */ = {isa = PBXBuildFile; fileRef = 87B8A7E02B9DBCA600818314 /* multiWidget.swift */; };
		87B8A7E32B9DBCA600818314 /* AppIntent.swift in Sources */ = {isa = PBXBuildFile; fileRef = 87B8A7E22B9DBCA600818314 /* AppIntent.swift */; };
		87B8A7E52B9DBCA800818314 /* Assets.xcassets in Resources */ = {isa = PBXBuildFile; fileRef = 87B8A7E42B9DBCA800818314 /* Assets.xcassets */; };
		87B8A7E92B9DBCA800818314 /* multiWidgetExtension.appex in Embed Foundation Extensions */ = {isa = PBXBuildFile; fileRef = 87B8A7D92B9DBCA600818314 /* multiWidgetExtension.appex */; settings = {ATTRIBUTES = (RemoveHeadersOnCopy, ); }; };
/* End PBXBuildFile section */

/* Begin PBXContainerItemProxy section */
		87B8A7BB2B9C37AA00818314 /* PBXContainerItemProxy */ = {
			isa = PBXContainerItemProxy;
			containerPortal = 870E70812B8B894D007342A2 /* Project object */;
			proxyType = 1;
			remoteGlobalIDString = 87B8A7B82B9C37AA00818314;
			remoteInfo = "ClimbTracker Watch App";
		};
		87B8A7E72B9DBCA800818314 /* PBXContainerItemProxy */ = {
			isa = PBXContainerItemProxy;
			containerPortal = 870E70812B8B894D007342A2 /* Project object */;
			proxyType = 1;
			remoteGlobalIDString = 87B8A7D82B9DBCA600818314;
			remoteInfo = multiWidgetExtension;
		};
/* End PBXContainerItemProxy section */

/* Begin PBXCopyFilesBuildPhase section */
		87B8A7CA2B9C37AB00818314 /* Embed Watch Content */ = {
			isa = PBXCopyFilesBuildPhase;
			buildActionMask = 2147483647;
			dstPath = "$(CONTENTS_FOLDER_PATH)/Watch";
			dstSubfolderSpec = 16;
			files = (
				87B8A7BA2B9C37AA00818314 /* ClimbTracker Watch App.app in Embed Watch Content */,
			);
			name = "Embed Watch Content";
			runOnlyForDeploymentPostprocessing = 0;
		};
		87B8A7ED2B9DBCA800818314 /* Embed Foundation Extensions */ = {
			isa = PBXCopyFilesBuildPhase;
			buildActionMask = 2147483647;
			dstPath = "";
			dstSubfolderSpec = 13;
			files = (
				87B8A7E92B9DBCA800818314 /* multiWidgetExtension.appex in Embed Foundation Extensions */,
			);
			name = "Embed Foundation Extensions";
			runOnlyForDeploymentPostprocessing = 0;
		};
/* End PBXCopyFilesBuildPhase section */

/* Begin PBXFileReference section */
		870E709E2B8B894F007342A2 /* ClimbTrackerApp.swift */ = {isa = PBXFileReference; lastKnownFileType = sourcecode.swift; path = ClimbTrackerApp.swift; sourceTree = "<group>"; };
		870E70A22B8B8950007342A2 /* Assets.xcassets */ = {isa = PBXFileReference; lastKnownFileType = folder.assetcatalog; path = Assets.xcassets; sourceTree = "<group>"; };
		870E70A52B8B8950007342A2 /* Preview Assets.xcassets */ = {isa = PBXFileReference; lastKnownFileType = folder.assetcatalog; path = "Preview Assets.xcassets"; sourceTree = "<group>"; };
		870E70B12B8B8960007342A2 /* HealthKitManager.swift */ = {isa = PBXFileReference; fileEncoding = 4; lastKnownFileType = sourcecode.swift; path = HealthKitManager.swift; sourceTree = "<group>"; };
		870E70B22B8B8960007342A2 /* ComplicationController.swift */ = {isa = PBXFileReference; fileEncoding = 4; lastKnownFileType = sourcecode.swift; path = ComplicationController.swift; sourceTree = "<group>"; };
		870E70B72B8B89A7007342A2 /* ClimbTracker Watch App.entitlements */ = {isa = PBXFileReference; lastKnownFileType = text.plist.entitlements; path = "ClimbTracker Watch App.entitlements"; sourceTree = "<group>"; };
		8798A6682B9BBAEC00F637D3 /* ExtensionDelegate.swift */ = {isa = PBXFileReference; lastKnownFileType = sourcecode.swift; name = ExtensionDelegate.swift; path = "ClimbTracker Watch App/ExtensionDelegate.swift"; sourceTree = SOURCE_ROOT; };
		8798A66A2B9BBED000F637D3 /* ContentView.swift */ = {isa = PBXFileReference; fileEncoding = 4; lastKnownFileType = sourcecode.swift; path = ContentView.swift; sourceTree = "<group>"; };
		87B8A7B42B9C37AA00818314 /* ClimbTracker.app */ = {isa = PBXFileReference; explicitFileType = wrapper.application; includeInIndex = 0; path = ClimbTracker.app; sourceTree = BUILT_PRODUCTS_DIR; };
		87B8A7B92B9C37AA00818314 /* ClimbTracker Watch App.app */ = {isa = PBXFileReference; explicitFileType = wrapper.application; includeInIndex = 0; path = "ClimbTracker Watch App.app"; sourceTree = BUILT_PRODUCTS_DIR; };
		87B8A7BE2B9C37AA00818314 /* ClimbTrackerApp.swift */ = {isa = PBXFileReference; lastKnownFileType = sourcecode.swift; path = ClimbTrackerApp.swift; sourceTree = "<group>"; };
		87B8A7C02B9C37AA00818314 /* ContentView.swift */ = {isa = PBXFileReference; lastKnownFileType = sourcecode.swift; path = ContentView.swift; sourceTree = "<group>"; };
		87B8A7C22B9C37AB00818314 /* Assets.xcassets */ = {isa = PBXFileReference; lastKnownFileType = folder.assetcatalog; path = Assets.xcassets; sourceTree = "<group>"; };
		87B8A7C52B9C37AB00818314 /* Preview Assets.xcassets */ = {isa = PBXFileReference; lastKnownFileType = folder.assetcatalog; path = "Preview Assets.xcassets"; sourceTree = "<group>"; };
		87B8A7D92B9DBCA600818314 /* multiWidgetExtension.appex */ = {isa = PBXFileReference; explicitFileType = "wrapper.app-extension"; includeInIndex = 0; path = multiWidgetExtension.appex; sourceTree = BUILT_PRODUCTS_DIR; };
		87B8A7DB2B9DBCA600818314 /* WidgetKit.framework */ = {isa = PBXFileReference; lastKnownFileType = wrapper.framework; name = WidgetKit.framework; path = System/Library/Frameworks/WidgetKit.framework; sourceTree = SDKROOT; };
		87B8A7DD2B9DBCA600818314 /* SwiftUI.framework */ = {isa = PBXFileReference; lastKnownFileType = wrapper.framework; name = SwiftUI.framework; path = System/Library/Frameworks/SwiftUI.framework; sourceTree = SDKROOT; };
		87B8A7E02B9DBCA600818314 /* multiWidget.swift */ = {isa = PBXFileReference; lastKnownFileType = sourcecode.swift; path = multiWidget.swift; sourceTree = "<group>"; };
		87B8A7E22B9DBCA600818314 /* AppIntent.swift */ = {isa = PBXFileReference; lastKnownFileType = sourcecode.swift; path = AppIntent.swift; sourceTree = "<group>"; };
		87B8A7E42B9DBCA800818314 /* Assets.xcassets */ = {isa = PBXFileReference; lastKnownFileType = folder.assetcatalog; path = Assets.xcassets; sourceTree = "<group>"; };
		87B8A7E62B9DBCA800818314 /* Info.plist */ = {isa = PBXFileReference; lastKnownFileType = text.plist.xml; path = Info.plist; sourceTree = "<group>"; };
		87B8A7EE2B9E1A2C00818314 /* multiWidgetExtension.entitlements */ = {isa = PBXFileReference; lastKnownFileType = text.plist.entitlements; path = multiWidgetExtension.entitlements; sourceTree = "<group>"; };
/* End PBXFileReference section */

/* Begin PBXFrameworksBuildPhase section */
		87B8A7B62B9C37AA00818314 /* Frameworks */ = {
			isa = PBXFrameworksBuildPhase;
			buildActionMask = 2147483647;
			files = (
			);
			runOnlyForDeploymentPostprocessing = 0;
		};
		87B8A7D62B9DBCA600818314 /* Frameworks */ = {
			isa = PBXFrameworksBuildPhase;
			buildActionMask = 2147483647;
			files = (
				87B8A7DE2B9DBCA600818314 /* SwiftUI.framework in Frameworks */,
				87B8A7DC2B9DBCA600818314 /* WidgetKit.framework in Frameworks */,
			);
			runOnlyForDeploymentPostprocessing = 0;
		};
/* End PBXFrameworksBuildPhase section */

/* Begin PBXGroup section */
		870E70802B8B894D007342A2 = {
			isa = PBXGroup;
			children = (
				87B8A7EE2B9E1A2C00818314 /* multiWidgetExtension.entitlements */,
				87B8A7BD2B9C37AA00818314 /* ClimbTracker Watch App */,
				87B8A7DF2B9DBCA600818314 /* multiWidget */,
				87B8A7DA2B9DBCA600818314 /* Frameworks */,
				870E708A2B8B894D007342A2 /* Products */,
			);
			sourceTree = "<group>";
		};
		870E708A2B8B894D007342A2 /* Products */ = {
			isa = PBXGroup;
			children = (
				87B8A7B42B9C37AA00818314 /* ClimbTracker.app */,
				87B8A7B92B9C37AA00818314 /* ClimbTracker Watch App.app */,
				87B8A7D92B9DBCA600818314 /* multiWidgetExtension.appex */,
			);
			name = Products;
			sourceTree = "<group>";
		};
		870E70A42B8B8950007342A2 /* Preview Content */ = {
			isa = PBXGroup;
			children = (
				870E70A52B8B8950007342A2 /* Preview Assets.xcassets */,
			);
			path = "Preview Content";
			sourceTree = "<group>";
		};
		87B8A7BD2B9C37AA00818314 /* ClimbTracker Watch App */ = {
			isa = PBXGroup;
			children = (
				8798A66A2B9BBED000F637D3 /* ContentView.swift */,
				870E70B72B8B89A7007342A2 /* ClimbTracker Watch App.entitlements */,
				870E70B22B8B8960007342A2 /* ComplicationController.swift */,
				870E70B12B8B8960007342A2 /* HealthKitManager.swift */,
				870E709E2B8B894F007342A2 /* ClimbTrackerApp.swift */,
				870E70A22B8B8950007342A2 /* Assets.xcassets */,
				870E70A42B8B8950007342A2 /* Preview Content */,
				8798A6682B9BBAEC00F637D3 /* ExtensionDelegate.swift */,
				87B8A7BE2B9C37AA00818314 /* ClimbTrackerApp.swift */,
				87B8A7C02B9C37AA00818314 /* ContentView.swift */,
				87B8A7C22B9C37AB00818314 /* Assets.xcassets */,
				87B8A7C42B9C37AB00818314 /* Preview Content */,
			);
			path = "ClimbTracker Watch App";
			sourceTree = "<group>";
		};
		87B8A7C42B9C37AB00818314 /* Preview Content */ = {
			isa = PBXGroup;
			children = (
				87B8A7C52B9C37AB00818314 /* Preview Assets.xcassets */,
			);
			path = "Preview Content";
			sourceTree = "<group>";
		};
		87B8A7DA2B9DBCA600818314 /* Frameworks */ = {
			isa = PBXGroup;
			children = (
				87B8A7DB2B9DBCA600818314 /* WidgetKit.framework */,
				87B8A7DD2B9DBCA600818314 /* SwiftUI.framework */,
			);
			name = Frameworks;
			sourceTree = "<group>";
		};
		87B8A7DF2B9DBCA600818314 /* multiWidget */ = {
			isa = PBXGroup;
			children = (
				87B8A7E02B9DBCA600818314 /* multiWidget.swift */,
				87B8A7E22B9DBCA600818314 /* AppIntent.swift */,
				87B8A7E42B9DBCA800818314 /* Assets.xcassets */,
				87B8A7E62B9DBCA800818314 /* Info.plist */,
			);
			path = multiWidget;
			sourceTree = "<group>";
		};
/* End PBXGroup section */

/* Begin PBXNativeTarget section */
		87B8A7B32B9C37AA00818314 /* ClimbTracker */ = {
			isa = PBXNativeTarget;
			buildConfigurationList = 87B8A7CB2B9C37AB00818314 /* Build configuration list for PBXNativeTarget "ClimbTracker" */;
			buildPhases = (
				87B8A7B22B9C37AA00818314 /* Resources */,
				87B8A7CA2B9C37AB00818314 /* Embed Watch Content */,
			);
			buildRules = (
			);
			dependencies = (
				87B8A7BC2B9C37AA00818314 /* PBXTargetDependency */,
			);
			name = ClimbTracker;
			productName = ClimbTracker;
			productReference = 87B8A7B42B9C37AA00818314 /* ClimbTracker.app */;
			productType = "com.apple.product-type.application.watchapp2-container";
		};
		87B8A7B82B9C37AA00818314 /* ClimbTracker Watch App */ = {
			isa = PBXNativeTarget;
			buildConfigurationList = 87B8A7C72B9C37AB00818314 /* Build configuration list for PBXNativeTarget "ClimbTracker Watch App" */;
			buildPhases = (
				87B8A7B52B9C37AA00818314 /* Sources */,
				87B8A7B62B9C37AA00818314 /* Frameworks */,
				87B8A7B72B9C37AA00818314 /* Resources */,
				87B8A7ED2B9DBCA800818314 /* Embed Foundation Extensions */,
			);
			buildRules = (
			);
			dependencies = (
				87B8A7E82B9DBCA800818314 /* PBXTargetDependency */,
			);
			name = "ClimbTracker Watch App";
			productName = "ClimbTracker Watch App";
			productReference = 87B8A7B92B9C37AA00818314 /* ClimbTracker Watch App.app */;
			productType = "com.apple.product-type.application";
		};
		87B8A7D82B9DBCA600818314 /* multiWidgetExtension */ = {
			isa = PBXNativeTarget;
			buildConfigurationList = 87B8A7EA2B9DBCA800818314 /* Build configuration list for PBXNativeTarget "multiWidgetExtension" */;
			buildPhases = (
				87B8A7D52B9DBCA600818314 /* Sources */,
				87B8A7D62B9DBCA600818314 /* Frameworks */,
				87B8A7D72B9DBCA600818314 /* Resources */,
			);
			buildRules = (
			);
			dependencies = (
			);
			name = multiWidgetExtension;
			productName = multiWidgetExtension;
			productReference = 87B8A7D92B9DBCA600818314 /* multiWidgetExtension.appex */;
			productType = "com.apple.product-type.app-extension";
		};
/* End PBXNativeTarget section */

/* Begin PBXProject section */
		870E70812B8B894D007342A2 /* Project object */ = {
			isa = PBXProject;
			attributes = {
				BuildIndependentTargetsInParallel = 1;
				LastSwiftUpdateCheck = 1530;
				LastUpgradeCheck = 1520;
				TargetAttributes = {
					87B8A7B32B9C37AA00818314 = {
						CreatedOnToolsVersion = 15.3;
					};
					87B8A7B82B9C37AA00818314 = {
						CreatedOnToolsVersion = 15.3;
					};
					87B8A7D82B9DBCA600818314 = {
						CreatedOnToolsVersion = 15.3;
					};
				};
			};
			buildConfigurationList = 870E70842B8B894D007342A2 /* Build configuration list for PBXProject "ClimbTracker" */;
			compatibilityVersion = "Xcode 14.0";
			developmentRegion = en;
			hasScannedForEncodings = 0;
			knownRegions = (
				en,
				Base,
			);
			mainGroup = 870E70802B8B894D007342A2;
			productRefGroup = 870E708A2B8B894D007342A2 /* Products */;
			projectDirPath = "";
			projectRoot = "";
			targets = (
				87B8A7B32B9C37AA00818314 /* ClimbTracker */,
				87B8A7B82B9C37AA00818314 /* ClimbTracker Watch App */,
				87B8A7D82B9DBCA600818314 /* multiWidgetExtension */,
			);
		};
/* End PBXProject section */

/* Begin PBXResourcesBuildPhase section */
		87B8A7B22B9C37AA00818314 /* Resources */ = {
			isa = PBXResourcesBuildPhase;
			buildActionMask = 2147483647;
			files = (
			);
			runOnlyForDeploymentPostprocessing = 0;
		};
		87B8A7B72B9C37AA00818314 /* Resources */ = {
			isa = PBXResourcesBuildPhase;
			buildActionMask = 2147483647;
			files = (
				87B8A7C62B9C37AB00818314 /* Preview Assets.xcassets in Resources */,
				87B8A7C32B9C37AB00818314 /* Assets.xcassets in Resources */,
			);
			runOnlyForDeploymentPostprocessing = 0;
		};
		87B8A7D72B9DBCA600818314 /* Resources */ = {
			isa = PBXResourcesBuildPhase;
			buildActionMask = 2147483647;
			files = (
				87B8A7E52B9DBCA800818314 /* Assets.xcassets in Resources */,
			);
			runOnlyForDeploymentPostprocessing = 0;
		};
/* End PBXResourcesBuildPhase section */

/* Begin PBXSourcesBuildPhase section */
		87B8A7B52B9C37AA00818314 /* Sources */ = {
			isa = PBXSourcesBuildPhase;
			buildActionMask = 2147483647;
			files = (
				87B8A7CF2B9C37B800818314 /* ClimbTrackerApp.swift in Sources */,
				87B8A7D02B9C37B800818314 /* ContentView.swift in Sources */,
				87B8A7D12B9C37B800818314 /* HealthKitManager.swift in Sources */,
				87B8A7C12B9C37AA00818314 /* ContentView.swift in Sources */,
				87B8A7D22B9C37B800818314 /* ComplicationController.swift in Sources */,
				87B8A7BF2B9C37AA00818314 /* ClimbTrackerApp.swift in Sources */,
				87B8A7CE2B9C37B800818314 /* ExtensionDelegate.swift in Sources */,
			);
			runOnlyForDeploymentPostprocessing = 0;
		};
		87B8A7D52B9DBCA600818314 /* Sources */ = {
			isa = PBXSourcesBuildPhase;
			buildActionMask = 2147483647;
			files = (
				87B8A7E12B9DBCA600818314 /* multiWidget.swift in Sources */,
				87B8A7E32B9DBCA600818314 /* AppIntent.swift in Sources */,
			);
			runOnlyForDeploymentPostprocessing = 0;
		};
/* End PBXSourcesBuildPhase section */

/* Begin PBXTargetDependency section */
		87B8A7BC2B9C37AA00818314 /* PBXTargetDependency */ = {
			isa = PBXTargetDependency;
			target = 87B8A7B82B9C37AA00818314 /* ClimbTracker Watch App */;
			targetProxy = 87B8A7BB2B9C37AA00818314 /* PBXContainerItemProxy */;
		};
		87B8A7E82B9DBCA800818314 /* PBXTargetDependency */ = {
			isa = PBXTargetDependency;
			target = 87B8A7D82B9DBCA600818314 /* multiWidgetExtension */;
			targetProxy = 87B8A7E72B9DBCA800818314 /* PBXContainerItemProxy */;
		};
/* End PBXTargetDependency section */

/* Begin XCBuildConfiguration section */
		870E70A72B8B8950007342A2 /* Debug */ = {
			isa = XCBuildConfiguration;
			buildSettings = {
				ALWAYS_SEARCH_USER_PATHS = NO;
				ASSETCATALOG_COMPILER_GENERATE_SWIFT_ASSET_SYMBOL_EXTENSIONS = YES;
				CLANG_ANALYZER_NONNULL = YES;
				CLANG_ANALYZER_NUMBER_OBJECT_CONVERSION = YES_AGGRESSIVE;
				CLANG_CXX_LANGUAGE_STANDARD = "gnu++20";
				CLANG_ENABLE_MODULES = YES;
				CLANG_ENABLE_OBJC_ARC = YES;
				CLANG_ENABLE_OBJC_WEAK = YES;
				CLANG_WARN_BLOCK_CAPTURE_AUTORELEASING = YES;
				CLANG_WARN_BOOL_CONVERSION = YES;
				CLANG_WARN_COMMA = YES;
				CLANG_WARN_CONSTANT_CONVERSION = YES;
				CLANG_WARN_DEPRECATED_OBJC_IMPLEMENTATIONS = YES;
				CLANG_WARN_DIRECT_OBJC_ISA_USAGE = YES_ERROR;
				CLANG_WARN_DOCUMENTATION_COMMENTS = YES;
				CLANG_WARN_EMPTY_BODY = YES;
				CLANG_WARN_ENUM_CONVERSION = YES;
				CLANG_WARN_INFINITE_RECURSION = YES;
				CLANG_WARN_INT_CONVERSION = YES;
				CLANG_WARN_NON_LITERAL_NULL_CONVERSION = YES;
				CLANG_WARN_OBJC_IMPLICIT_RETAIN_SELF = YES;
				CLANG_WARN_OBJC_LITERAL_CONVERSION = YES;
				CLANG_WARN_OBJC_ROOT_CLASS = YES_ERROR;
				CLANG_WARN_QUOTED_INCLUDE_IN_FRAMEWORK_HEADER = YES;
				CLANG_WARN_RANGE_LOOP_ANALYSIS = YES;
				CLANG_WARN_STRICT_PROTOTYPES = YES;
				CLANG_WARN_SUSPICIOUS_MOVE = YES;
				CLANG_WARN_UNGUARDED_AVAILABILITY = YES_AGGRESSIVE;
				CLANG_WARN_UNREACHABLE_CODE = YES;
				CLANG_WARN__DUPLICATE_METHOD_MATCH = YES;
				COPY_PHASE_STRIP = NO;
				DEBUG_INFORMATION_FORMAT = dwarf;
				ENABLE_STRICT_OBJC_MSGSEND = YES;
				ENABLE_TESTABILITY = YES;
				ENABLE_USER_SCRIPT_SANDBOXING = YES;
				GCC_C_LANGUAGE_STANDARD = gnu17;
				GCC_DYNAMIC_NO_PIC = NO;
				GCC_NO_COMMON_BLOCKS = YES;
				GCC_OPTIMIZATION_LEVEL = 0;
				GCC_PREPROCESSOR_DEFINITIONS = (
					"DEBUG=1",
					"$(inherited)",
				);
				GCC_WARN_64_TO_32_BIT_CONVERSION = YES;
				GCC_WARN_ABOUT_RETURN_TYPE = YES_ERROR;
				GCC_WARN_UNDECLARED_SELECTOR = YES;
				GCC_WARN_UNINITIALIZED_AUTOS = YES_AGGRESSIVE;
				GCC_WARN_UNUSED_FUNCTION = YES;
				GCC_WARN_UNUSED_VARIABLE = YES;
				LOCALIZATION_PREFERS_STRING_CATALOGS = YES;
				MTL_ENABLE_DEBUG_INFO = INCLUDE_SOURCE;
				MTL_FAST_MATH = YES;
				ONLY_ACTIVE_ARCH = YES;
				SWIFT_ACTIVE_COMPILATION_CONDITIONS = "DEBUG $(inherited)";
				SWIFT_OPTIMIZATION_LEVEL = "-Onone";
			};
			name = Debug;
		};
		870E70A82B8B8950007342A2 /* Release */ = {
			isa = XCBuildConfiguration;
			buildSettings = {
				ALWAYS_SEARCH_USER_PATHS = NO;
				ASSETCATALOG_COMPILER_GENERATE_SWIFT_ASSET_SYMBOL_EXTENSIONS = YES;
				CLANG_ANALYZER_NONNULL = YES;
				CLANG_ANALYZER_NUMBER_OBJECT_CONVERSION = YES_AGGRESSIVE;
				CLANG_CXX_LANGUAGE_STANDARD = "gnu++20";
				CLANG_ENABLE_MODULES = YES;
				CLANG_ENABLE_OBJC_ARC = YES;
				CLANG_ENABLE_OBJC_WEAK = YES;
				CLANG_WARN_BLOCK_CAPTURE_AUTORELEASING = YES;
				CLANG_WARN_BOOL_CONVERSION = YES;
				CLANG_WARN_COMMA = YES;
				CLANG_WARN_CONSTANT_CONVERSION = YES;
				CLANG_WARN_DEPRECATED_OBJC_IMPLEMENTATIONS = YES;
				CLANG_WARN_DIRECT_OBJC_ISA_USAGE = YES_ERROR;
				CLANG_WARN_DOCUMENTATION_COMMENTS = YES;
				CLANG_WARN_EMPTY_BODY = YES;
				CLANG_WARN_ENUM_CONVERSION = YES;
				CLANG_WARN_INFINITE_RECURSION = YES;
				CLANG_WARN_INT_CONVERSION = YES;
				CLANG_WARN_NON_LITERAL_NULL_CONVERSION = YES;
				CLANG_WARN_OBJC_IMPLICIT_RETAIN_SELF = YES;
				CLANG_WARN_OBJC_LITERAL_CONVERSION = YES;
				CLANG_WARN_OBJC_ROOT_CLASS = YES_ERROR;
				CLANG_WARN_QUOTED_INCLUDE_IN_FRAMEWORK_HEADER = YES;
				CLANG_WARN_RANGE_LOOP_ANALYSIS = YES;
				CLANG_WARN_STRICT_PROTOTYPES = YES;
				CLANG_WARN_SUSPICIOUS_MOVE = YES;
				CLANG_WARN_UNGUARDED_AVAILABILITY = YES_AGGRESSIVE;
				CLANG_WARN_UNREACHABLE_CODE = YES;
				CLANG_WARN__DUPLICATE_METHOD_MATCH = YES;
				COPY_PHASE_STRIP = NO;
				DEBUG_INFORMATION_FORMAT = "dwarf-with-dsym";
				ENABLE_NS_ASSERTIONS = NO;
				ENABLE_STRICT_OBJC_MSGSEND = YES;
				ENABLE_USER_SCRIPT_SANDBOXING = YES;
				GCC_C_LANGUAGE_STANDARD = gnu17;
				GCC_NO_COMMON_BLOCKS = YES;
				GCC_WARN_64_TO_32_BIT_CONVERSION = YES;
				GCC_WARN_ABOUT_RETURN_TYPE = YES_ERROR;
				GCC_WARN_UNDECLARED_SELECTOR = YES;
				GCC_WARN_UNINITIALIZED_AUTOS = YES_AGGRESSIVE;
				GCC_WARN_UNUSED_FUNCTION = YES;
				GCC_WARN_UNUSED_VARIABLE = YES;
				LOCALIZATION_PREFERS_STRING_CATALOGS = YES;
				MTL_ENABLE_DEBUG_INFO = NO;
				MTL_FAST_MATH = YES;
				SWIFT_COMPILATION_MODE = wholemodule;
			};
			name = Release;
		};
		87B8A7C82B9C37AB00818314 /* Debug */ = {
			isa = XCBuildConfiguration;
			buildSettings = {
				ALWAYS_EMBED_SWIFT_STANDARD_LIBRARIES = YES;
				ASSETCATALOG_COMPILER_APPICON_NAME = AppIcon;
				ASSETCATALOG_COMPILER_GLOBAL_ACCENT_COLOR_NAME = AccentColor;
				CODE_SIGN_ENTITLEMENTS = "ClimbTracker Watch App/ClimbTracker Watch App.entitlements";
				CODE_SIGN_STYLE = Automatic;
				CURRENT_PROJECT_VERSION = 1;
				DEVELOPMENT_ASSET_PATHS = "\"ClimbTracker Watch App/Preview Content\"";
				DEVELOPMENT_TEAM = 6335M7T29D;
				ENABLE_PREVIEWS = YES;
				GENERATE_INFOPLIST_FILE = YES;
				INFOPLIST_KEY_CFBundleDisplayName = ClimbTracker;
				INFOPLIST_KEY_NSHealthShareUsageDescription = "ClimbTracker would like to read steps and stairs climbed in order to show you the widgets and the stats";
				INFOPLIST_KEY_NSHealthUpdateUsageDescription = "ClimbTracker would like to read steps and stairs climbed in order to show you the widgets and the stats";
				INFOPLIST_KEY_UISupportedInterfaceOrientations = "UIInterfaceOrientationPortrait UIInterfaceOrientationPortraitUpsideDown";
				INFOPLIST_KEY_WKWatchOnly = YES;
				LD_RUNPATH_SEARCH_PATHS = (
					"$(inherited)",
					"@executable_path/Frameworks",
				);
				MARKETING_VERSION = 1.0;
				PRODUCT_BUNDLE_IDENTIFIER = org.cagnulein.ClimbTracker.watchkitapp.watchkitapp;
				PRODUCT_NAME = "$(TARGET_NAME)";
				SDKROOT = watchos;
				SKIP_INSTALL = YES;
				SWIFT_EMIT_LOC_STRINGS = YES;
				SWIFT_VERSION = 5.0;
				TARGETED_DEVICE_FAMILY = 4;
				WATCHOS_DEPLOYMENT_TARGET = 10.0;
			};
			name = Debug;
		};
		87B8A7C92B9C37AB00818314 /* Release */ = {
			isa = XCBuildConfiguration;
			buildSettings = {
				ALWAYS_EMBED_SWIFT_STANDARD_LIBRARIES = YES;
				ASSETCATALOG_COMPILER_APPICON_NAME = AppIcon;
				ASSETCATALOG_COMPILER_GLOBAL_ACCENT_COLOR_NAME = AccentColor;
				CODE_SIGN_ENTITLEMENTS = "ClimbTracker Watch App/ClimbTracker Watch App.entitlements";
				CODE_SIGN_STYLE = Automatic;
				CURRENT_PROJECT_VERSION = 1;
				DEVELOPMENT_ASSET_PATHS = "\"ClimbTracker Watch App/Preview Content\"";
				DEVELOPMENT_TEAM = 6335M7T29D;
				ENABLE_PREVIEWS = YES;
				GENERATE_INFOPLIST_FILE = YES;
				INFOPLIST_KEY_CFBundleDisplayName = ClimbTracker;
				INFOPLIST_KEY_NSHealthShareUsageDescription = "ClimbTracker would like to read steps and stairs climbed in order to show you the widgets and the stats";
				INFOPLIST_KEY_NSHealthUpdateUsageDescription = "ClimbTracker would like to read steps and stairs climbed in order to show you the widgets and the stats";
				INFOPLIST_KEY_UISupportedInterfaceOrientations = "UIInterfaceOrientationPortrait UIInterfaceOrientationPortraitUpsideDown";
				INFOPLIST_KEY_WKWatchOnly = YES;
				LD_RUNPATH_SEARCH_PATHS = (
					"$(inherited)",
					"@executable_path/Frameworks",
				);
				MARKETING_VERSION = 1.0;
				PRODUCT_BUNDLE_IDENTIFIER = org.cagnulein.ClimbTracker.watchkitapp.watchkitapp;
				PRODUCT_NAME = "$(TARGET_NAME)";
				SDKROOT = watchos;
				SKIP_INSTALL = YES;
				SWIFT_EMIT_LOC_STRINGS = YES;
				SWIFT_VERSION = 5.0;
				TARGETED_DEVICE_FAMILY = 4;
				VALIDATE_PRODUCT = YES;
				WATCHOS_DEPLOYMENT_TARGET = 10.0;
			};
			name = Release;
		};
		87B8A7CC2B9C37AB00818314 /* Debug */ = {
			isa = XCBuildConfiguration;
			buildSettings = {
				ALWAYS_EMBED_SWIFT_STANDARD_LIBRARIES = YES;
				CODE_SIGN_STYLE = Automatic;
				CURRENT_PROJECT_VERSION = 1;
				DEVELOPMENT_TEAM = 6335M7T29D;
				INFOPLIST_KEY_CFBundleDisplayName = ClimbTracker;
				IPHONEOS_DEPLOYMENT_TARGET = 17.0;
				MARKETING_VERSION = 1.0;
				PRODUCT_BUNDLE_IDENTIFIER = org.cagnulein.ClimbTracker.watchkitapp;
				PRODUCT_NAME = "$(TARGET_NAME)";
				SDKROOT = iphoneos;
				SUPPORTED_PLATFORMS = "iphoneos iphonesimulator";
				SUPPORTS_MACCATALYST = NO;
				SWIFT_VERSION = 5.0;
				TARGETED_DEVICE_FAMILY = 1;
				WATCHOS_DEPLOYMENT_TARGET = 4.0;
			};
			name = Debug;
		};
		87B8A7CD2B9C37AB00818314 /* Release */ = {
			isa = XCBuildConfiguration;
			buildSettings = {
				ALWAYS_EMBED_SWIFT_STANDARD_LIBRARIES = YES;
				CODE_SIGN_STYLE = Automatic;
				CURRENT_PROJECT_VERSION = 1;
				DEVELOPMENT_TEAM = 6335M7T29D;
				INFOPLIST_KEY_CFBundleDisplayName = ClimbTracker;
				IPHONEOS_DEPLOYMENT_TARGET = 17.0;
				MARKETING_VERSION = 1.0;
				PRODUCT_BUNDLE_IDENTIFIER = org.cagnulein.ClimbTracker.watchkitapp;
				PRODUCT_NAME = "$(TARGET_NAME)";
				SDKROOT = iphoneos;
				SUPPORTED_PLATFORMS = "iphoneos iphonesimulator";
				SUPPORTS_MACCATALYST = NO;
				SWIFT_VERSION = 5.0;
				TARGETED_DEVICE_FAMILY = 1;
				VALIDATE_PRODUCT = YES;
				WATCHOS_DEPLOYMENT_TARGET = 4.0;
			};
			name = Release;
		};
		87B8A7EB2B9DBCA800818314 /* Debug */ = {
			isa = XCBuildConfiguration;
			buildSettings = {
				ASSETCATALOG_COMPILER_GLOBAL_ACCENT_COLOR_NAME = AccentColor;
				ASSETCATALOG_COMPILER_WIDGET_BACKGROUND_COLOR_NAME = WidgetBackground;
				CODE_SIGN_ENTITLEMENTS = multiWidgetExtension.entitlements;
				CODE_SIGN_STYLE = Automatic;
				CURRENT_PROJECT_VERSION = 1;
				DEVELOPMENT_TEAM = 6335M7T29D;
				GENERATE_INFOPLIST_FILE = YES;
				INFOPLIST_FILE = multiWidget/Info.plist;
				INFOPLIST_KEY_CFBundleDisplayName = multiWidget;
				INFOPLIST_KEY_NSHumanReadableCopyright = "";
				LD_RUNPATH_SEARCH_PATHS = (
					"$(inherited)",
					"@executable_path/Frameworks",
					"@executable_path/../../Frameworks",
					"@executable_path/../../../../Frameworks",
				);
				MARKETING_VERSION = 1.0;
				PRODUCT_BUNDLE_IDENTIFIER = org.cagnulein.ClimbTracker.watchkitapp.watchkitapp.multiWidget;
				PRODUCT_NAME = "$(TARGET_NAME)";
				SDKROOT = watchos;
				SKIP_INSTALL = YES;
				SWIFT_EMIT_LOC_STRINGS = YES;
				SWIFT_VERSION = 5.0;
				TARGETED_DEVICE_FAMILY = 4;
				WATCHOS_DEPLOYMENT_TARGET = 10.0;
			};
			name = Debug;
		};
		87B8A7EC2B9DBCA800818314 /* Release */ = {
			isa = XCBuildConfiguration;
			buildSettings = {
				ASSETCATALOG_COMPILER_GLOBAL_ACCENT_COLOR_NAME = AccentColor;
				ASSETCATALOG_COMPILER_WIDGET_BACKGROUND_COLOR_NAME = WidgetBackground;
				CODE_SIGN_ENTITLEMENTS = multiWidgetExtension.entitlements;
				CODE_SIGN_STYLE = Automatic;
				CURRENT_PROJECT_VERSION = 1;
				DEVELOPMENT_TEAM = 6335M7T29D;
				GENERATE_INFOPLIST_FILE = YES;
				INFOPLIST_FILE = multiWidget/Info.plist;
				INFOPLIST_KEY_CFBundleDisplayName = multiWidget;
				INFOPLIST_KEY_NSHumanReadableCopyright = "";
				LD_RUNPATH_SEARCH_PATHS = (
					"$(inherited)",
					"@executable_path/Frameworks",
					"@executable_path/../../Frameworks",
					"@executable_path/../../../../Frameworks",
				);
				MARKETING_VERSION = 1.0;
				PRODUCT_BUNDLE_IDENTIFIER = org.cagnulein.ClimbTracker.watchkitapp.watchkitapp.multiWidget;
				PRODUCT_NAME = "$(TARGET_NAME)";
				SDKROOT = watchos;
				SKIP_INSTALL = YES;
				SWIFT_EMIT_LOC_STRINGS = YES;
				SWIFT_VERSION = 5.0;
				TARGETED_DEVICE_FAMILY = 4;
				VALIDATE_PRODUCT = YES;
				WATCHOS_DEPLOYMENT_TARGET = 10.0;
			};
			name = Release;
		};
/* End XCBuildConfiguration section */

/* Begin XCConfigurationList section */
		870E70842B8B894D007342A2 /* Build configuration list for PBXProject "ClimbTracker" */ = {
			isa = XCConfigurationList;
			buildConfigurations = (
				870E70A72B8B8950007342A2 /* Debug */,
				870E70A82B8B8950007342A2 /* Release */,
			);
			defaultConfigurationIsVisible = 0;
			defaultConfigurationName = Release;
		};
		87B8A7C72B9C37AB00818314 /* Build configuration list for PBXNativeTarget "ClimbTracker Watch App" */ = {
			isa = XCConfigurationList;
			buildConfigurations = (
				87B8A7C82B9C37AB00818314 /* Debug */,
				87B8A7C92B9C37AB00818314 /* Release */,
			);
			defaultConfigurationIsVisible = 0;
			defaultConfigurationName = Release;
		};
		87B8A7CB2B9C37AB00818314 /* Build configuration list for PBXNativeTarget "ClimbTracker" */ = {
			isa = XCConfigurationList;
			buildConfigurations = (
				87B8A7CC2B9C37AB00818314 /* Debug */,
				87B8A7CD2B9C37AB00818314 /* Release */,
			);
			defaultConfigurationIsVisible = 0;
			defaultConfigurationName = Release;
		};
		87B8A7EA2B9DBCA800818314 /* Build configuration list for PBXNativeTarget "multiWidgetExtension" */ = {
			isa = XCConfigurationList;
			buildConfigurations = (
				87B8A7EB2B9DBCA800818314 /* Debug */,
				87B8A7EC2B9DBCA800818314 /* Release */,
			);
			defaultConfigurationIsVisible = 0;
			defaultConfigurationName = Release;
		};
/* End XCConfigurationList section */
	};
	rootObject = 870E70812B8B894D007342A2 /* Project object */;
}
